
Microsoft Visual Studio Solution File, Format Version 12.00
# Visual Studio Version 16
VisualStudioVersion = 16.0.29025.244
MinimumVisualStudioVersion = 10.0.40219.1
Project("{FAE04EC0-301F-11D3-BF4B-00C04F79EFBC}") = "MT_WordCheck", "MT_WordCheck\MT_WordCheck.csproj", "{F24AC148-EDD7-4AE4-8768-0C3207859351}"
EndProject
Global
	GlobalSection(SolutionConfigurationPlatforms) = preSolution
		Debug|Any CPU = Debug|Any CPU
		Release|Any CPU = Release|Any CPU
	EndGlobalSection
	GlobalSection(ProjectConfigurationPlatforms) = postSolution
		{F24AC148-EDD7-4AE4-8768-0C3207859351}.Debug|Any CPU.ActiveCfg = Debug|Any CPU
		{F24AC148-EDD7-4AE4-8768-0C3207859351}.Debug|Any CPU.Build.0 = Debug|Any CPU
		{F24AC148-EDD7-4AE4-8768-0C3207859351}.Release|Any CPU.ActiveCfg = Release|Any CPU
		{F24AC148-EDD7-4AE4-8768-0C3207859351}.Release|Any CPU.Build.0 = Release|Any CPU
	EndGlobalSection
	GlobalSection(SolutionProperties) = preSolution
		HideSolutionNode = FALSE
	EndGlobalSection
	GlobalSection(ExtensibilityGlobals) = postSolution
		SolutionGuid = {A42E16DB-6BA0-4EFB-A135-0EBC9799614A}
	EndGlobalSection
EndGlobal
